[{<<"et">>,
  {git,"https://github.com/galdor/erl-et.git",
       {ref,"7b55d59e3ef75bbd6ea4126d3855046e639709a6"}},
  0},
 {<<"json">>,
  {git,"https://github.com/galdor/erl-json.git",
       {ref,"6549a08a4ece8ed2fc2d8857cfe722546be5fec8"}},
  0},
 {<<"jsv">>,
  {git,"https://github.com/galdor/erl-jsv.git",
       {ref,"18fc5126e2e4922efaf59cdbe8fca586ab7aab11"}},
  0},
 {<<"ksuid">>,
  {git,"https://github.com/exograd/erl-ksuid.git",
       {ref,"df2e1efb9a39efb4c58bb47be97a223a4119019b"}},
  1},
 {<<"mhttp">>,
  {git,"https://github.com/galdor/erl-mhttp.git",
       {ref,"e4b14ec17b3b731a62d6d505fee3e9c742458c7e"}},
  0},
 {<<"openapi">>,
  {git,"https://github.com/exograd/erl-openapi.git",
       {ref,"163256d1e8b6558cfc9abaff098fb6190dfc7e82"}},
  0},
 {<<"uri">>,
  {git,"https://github.com/galdor/erl-uri.git",
       {ref,"00b8f36ec63a49b89ca0b202bbf70f364208e8d6"}},
  0},
 {<<"uuid">>,
  {git,"https://github.com/galdor/erl-uuid.git",
       {ref,"a3e876ed2fe46d04891574caf18bc49350b1a578"}},
  1}].
