[{<<"et">>,
  {git,"https://github.com/galdor/erl-et.git",
       {ref,"7b55d59e3ef75bbd6ea4126d3855046e639709a6"}},
  0},
 {<<"json">>,
  {git,"https://github.com/galdor/erl-json.git",
       {ref,"6549a08a4ece8ed2fc2d8857cfe722546be5fec8"}},
  0},
 {<<"jsv">>,
  {git,"https://github.com/galdor/erl-jsv.git",
       {ref,"5f9d5a544b073164b3a65933ff51417e95f216ff"}},
  0},
 {<<"ksuid">>,
  {git,"https://github.com/exograd/erl-ksuid.git",
       {ref,"df2e1efb9a39efb4c58bb47be97a223a4119019b"}},
  1},
 {<<"mhttp">>,
  {git,"https://github.com/galdor/erl-mhttp.git",
       {ref,"33bc82c01dcfff6ceeedc26879f13e8cc9b6f887"}},
  0},
 {<<"netrc">>,
  {git,"https://github.com/exograd/erl-netrc.git",
       {ref,"28500f0552efec4907653f847dd54cb37ea00d3d"}},
  1},
 {<<"openapi">>,
  {git,"https://github.com/exograd/erl-openapi.git",
       {ref,"048a8dfbed5951d7025555a5a964d9c86a6fc008"}},
  0},
 {<<"uri">>,
  {git,"https://github.com/galdor/erl-uri.git",
       {ref,"23f9fee391e81c82a668a3789f967455110e9dd1"}},
  0},
 {<<"uuid">>,
  {git,"https://github.com/galdor/erl-uuid.git",
       {ref,"a3e876ed2fe46d04891574caf18bc49350b1a578"}},
  1},
 {<<"yaml">>,
  {git,"https://github.com/exograd/erl-yaml.git",
       {ref,"3d0c2fe245cdcc06abd2a0385a683b461969bd41"}},
  0}].
