[{<<"core">>,
  {git,"https://github.com/exograd/erl-core.git",
       {ref,"0520b920c445dad8043cbec8defa0e1482dcf547"}},
  0},
 {<<"json">>,
  {git,"https://github.com/exograd/erl-json.git",
       {ref,"03e41ec0d6ae577652bbe90d9c66ccbf74b57a1c"}},
  0},
 {<<"jsv">>,
  {git,"https://github.com/exograd/erl-jsv.git",
       {ref,"451bea7ea4d68689cb9d765935bfe1097c31ec97"}},
  0},
 {<<"ksuid">>,
  {git,"https://github.com/exograd/erl-ksuid.git",
       {ref,"df2e1efb9a39efb4c58bb47be97a223a4119019b"}},
  1},
 {<<"mhttp">>,
  {git,"https://github.com/exograd/erl-mhttp.git",
       {ref,"30f91270acb3db002ff0bfb7bbe680eb266de683"}},
  0},
 {<<"netrc">>,
  {git,"https://github.com/exograd/erl-netrc.git",
       {ref,"36d52f7096ce9770a2d32d6905e2e870c5b39398"}},
  1},
 {<<"openapi">>,
  {git,"https://github.com/exograd/erl-openapi.git",
       {ref,"a90e189050d42dd55780b52ee5ac4a9734b62d92"}},
  0},
 {<<"uri">>,
  {git,"https://github.com/exograd/erl-uri.git",
       {ref,"4d217279c3c850a5a02a9cc9e0d9881646d658e6"}},
  0},
 {<<"uuid">>,
  {git,"https://github.com/exograd/erl-uuid.git",
       {ref,"a3e876ed2fe46d04891574caf18bc49350b1a578"}},
  1},
 {<<"yaml">>,
  {git,"https://github.com/exograd/erl-yaml.git",
       {ref,"f11d9c36b834f16e3261a36a864c715f67971fba"}},
  0}].
